
Microsoft Visual Studio Solution File, Format Version 12.00
# Visual Studio Version 16
VisualStudioVersion = 16.0.30907.101
MinimumVisualStudioVersion = 10.0.40219.1
Project("{FAE04EC0-301F-11D3-BF4B-00C04F79EFBC}") = "newCRUD", "newCRUD\newCRUD.csproj", "{3731819E-7861-4900-8FF1-BA61C4635D72}"
EndProject
Global
	GlobalSection(SolutionConfigurationPlatforms) = preSolution
		Debug|Any CPU = Debug|Any CPU
		Release|Any CPU = Release|Any CPU
	EndGlobalSection
	GlobalSection(ProjectConfigurationPlatforms) = postSolution
		{3731819E-7861-4900-8FF1-BA61C4635D72}.Debug|Any CPU.ActiveCfg = Debug|Any CPU
		{3731819E-7861-4900-8FF1-BA61C4635D72}.Debug|Any CPU.Build.0 = Debug|Any CPU
		{3731819E-7861-4900-8FF1-BA61C4635D72}.Release|Any CPU.ActiveCfg = Release|Any CPU
		{3731819E-7861-4900-8FF1-BA61C4635D72}.Release|Any CPU.Build.0 = Release|Any CPU
	EndGlobalSection
	GlobalSection(SolutionProperties) = preSolution
		HideSolutionNode = FALSE
	EndGlobalSection
	GlobalSection(ExtensibilityGlobals) = postSolution
		SolutionGuid = {726E0EA9-6FE2-4F51-B4C7-64034E9494D1}
	EndGlobalSection
EndGlobal
